// !$*UTF8*$!
{
	archiveVersion = 1;
	classes = {
	};
	objectVersion = 46;
	objects = {

/* Begin PBXBuildFile section */
		48A656B518163BF200746D36 /* Foundation.framework in Frameworks */ = {isa = PBXBuildFile; fileRef = 48A656B418163BF200746D36 /* Foundation.framework */; };
		48A656B718163BF200746D36 /* CoreGraphics.framework in Frameworks */ = {isa = PBXBuildFile; fileRef = 48A656B618163BF200746D36 /* CoreGraphics.framework */; };
		48A656B918163BF200746D36 /* UIKit.framework in Frameworks */ = {isa = PBXBuildFile; fileRef = 48A656B818163BF200746D36 /* UIKit.framework */; };
		48A656BF18163BF200746D36 /* InfoPlist.strings in Resources */ = {isa = PBXBuildFile; fileRef = 48A656BD18163BF200746D36 /* InfoPlist.strings */; };
		48A656CE18163BF200746D36 /* XCTest.framework in Frameworks */ = {isa = PBXBuildFile; fileRef = 48A656CD18163BF200746D36 /* XCTest.framework */; };
		48A656CF18163BF200746D36 /* Foundation.framework in Frameworks */ = {isa = PBXBuildFile; fileRef = 48A656B418163BF200746D36 /* Foundation.framework */; };
		48A656D018163BF200746D36 /* UIKit.framework in Frameworks */ = {isa = PBXBuildFile; fileRef = 48A656B818163BF200746D36 /* UIKit.framework */; };
		48A656D818163BF200746D36 /* InfoPlist.strings in Resources */ = {isa = PBXBuildFile; fileRef = 48A656D618163BF200746D36 /* InfoPlist.strings */; };
		48A656DA18163BF200746D36 /* NavCtrlTests.m in Sources */ = {isa = PBXBuildFile; fileRef = 48A656D918163BF200746D36 /* NavCtrlTests.m */; };
		BE4947121C80E1B200CA2158 /* stock.db in Resources */ = {isa = PBXBuildFile; fileRef = BE4947111C80E1B200CA2158 /* stock.db */; };
		BEAF55851C7383560005E86A /* CompanyViewController.m in Sources */ = {isa = PBXBuildFile; fileRef = BEAF55831C7383560005E86A /* CompanyViewController.m */; };
		BEAF55861C7383560005E86A /* CompanyViewController.xib in Resources */ = {isa = PBXBuildFile; fileRef = BEAF55841C7383560005E86A /* CompanyViewController.xib */; };
		BEAF55891C73836D0005E86A /* ProductViewController.m in Sources */ = {isa = PBXBuildFile; fileRef = BEAF55881C73836D0005E86A /* ProductViewController.m */; };
		BEAF559E1C73839C0005E86A /* apple.png in Resources */ = {isa = PBXBuildFile; fileRef = BEAF558D1C73839C0005E86A /* apple.png */; };
		BEAF559F1C73839C0005E86A /* destroyer.gif in Resources */ = {isa = PBXBuildFile; fileRef = BEAF558E1C73839C0005E86A /* destroyer.gif */; };
		BEAF55A01C73839C0005E86A /* galaxynote.png in Resources */ = {isa = PBXBuildFile; fileRef = BEAF558F1C73839C0005E86A /* galaxynote.png */; };
		BEAF55A11C73839C0005E86A /* galaxys4.jpg in Resources */ = {isa = PBXBuildFile; fileRef = BEAF55901C73839C0005E86A /* galaxys4.jpg */; };
		BEAF55A21C73839C0005E86A /* galaxytab.png in Resources */ = {isa = PBXBuildFile; fileRef = BEAF55911C73839C0005E86A /* galaxytab.png */; };
		BEAF55A31C73839C0005E86A /* google.jpg in Resources */ = {isa = PBXBuildFile; fileRef = BEAF55921C73839C0005E86A /* google.jpg */; };
		BEAF55A41C73839C0005E86A /* ipad.jpg in Resources */ = {isa = PBXBuildFile; fileRef = BEAF55931C73839C0005E86A /* ipad.jpg */; };
		BEAF55A51C73839C0005E86A /* iphone.jpg in Resources */ = {isa = PBXBuildFile; fileRef = BEAF55941C73839C0005E86A /* iphone.jpg */; };
		BEAF55A61C73839C0005E86A /* ipod.jpg in Resources */ = {isa = PBXBuildFile; fileRef = BEAF55951C73839C0005E86A /* ipod.jpg */; };
		BEAF55A71C73839C0005E86A /* ipod.large in Resources */ = {isa = PBXBuildFile; fileRef = BEAF55961C73839C0005E86A /* ipod.large */; };
		BEAF55A81C73839C0005E86A /* milkyway.jpg in Resources */ = {isa = PBXBuildFile; fileRef = BEAF55971C73839C0005E86A /* milkyway.jpg */; };
		BEAF55A91C73839C0005E86A /* nexus4.png in Resources */ = {isa = PBXBuildFile; fileRef = BEAF55981C73839C0005E86A /* nexus4.png */; };
		BEAF55AA1C73839C0005E86A /* nexus6p.jpg in Resources */ = {isa = PBXBuildFile; fileRef = BEAF55991C73839C0005E86A /* nexus6p.jpg */; };
		BEAF55AB1C73839C0005E86A /* nuxus5.jpg in Resources */ = {isa = PBXBuildFile; fileRef = BEAF559A1C73839C0005E86A /* nuxus5.jpg */; };
		BEAF55AC1C73839C0005E86A /* samsung.jpeg in Resources */ = {isa = PBXBuildFile; fileRef = BEAF559B1C73839C0005E86A /* samsung.jpeg */; };
		BEAF55AD1C73839C0005E86A /* windows.png in Resources */ = {isa = PBXBuildFile; fileRef = BEAF559C1C73839C0005E86A /* windows.png */; };
		BEAF55AE1C73839C0005E86A /* windowsluma.jpg in Resources */ = {isa = PBXBuildFile; fileRef = BEAF559D1C73839C0005E86A /* windowsluma.jpg */; };
		BEAF55B71C7385840005E86A /* NavControllerAppDelegate.m in Sources */ = {isa = PBXBuildFile; fileRef = BEAF55B61C7385840005E86A /* NavControllerAppDelegate.m */; };
		BEAF55BB1C7386040005E86A /* Images.xcassets in Resources */ = {isa = PBXBuildFile; fileRef = BEAF55BA1C7386040005E86A /* Images.xcassets */; };
		BEAF55BD1C7386160005E86A /* main.m in Sources */ = {isa = PBXBuildFile; fileRef = BEAF55BC1C7386160005E86A /* main.m */; };
		BEAF55C21C7388350005E86A /* DetailViewController.m in Sources */ = {isa = PBXBuildFile; fileRef = BEAF55C01C7388350005E86A /* DetailViewController.m */; };
		BEAF55C31C7388350005E86A /* DetailViewController.xib in Resources */ = {isa = PBXBuildFile; fileRef = BEAF55C11C7388350005E86A /* DetailViewController.xib */; };
		BEB31B2C1C6E41F300EAB978 /* WebKit.framework in Frameworks */ = {isa = PBXBuildFile; fileRef = BEB31B2B1C6E41F300EAB978 /* WebKit.framework */; settings = {ATTRIBUTES = (Weak, ); }; };
		BEB7CFE81C80A7FC00013B4D /* libsqlite3.tbd in Frameworks */ = {isa = PBXBuildFile; fileRef = BEB7CFE71C80A7FC00013B4D /* libsqlite3.tbd */; };
		BEF06C0A1C8E0371008B00B8 /* dataModel.xcdatamodeld in Sources */ = {isa = PBXBuildFile; fileRef = BEF06C081C8E0371008B00B8 /* dataModel.xcdatamodeld */; };
		BEF7C9F51C75003900C2C03E /* CompanyEditViewController.m in Sources */ = {isa = PBXBuildFile; fileRef = BEF7C9F31C75003900C2C03E /* CompanyEditViewController.m */; };
		BEF7C9F61C75003900C2C03E /* CompanyEditViewController.xib in Resources */ = {isa = PBXBuildFile; fileRef = BEF7C9F41C75003900C2C03E /* CompanyEditViewController.xib */; };
		BEF7C9FA1C75348A00C2C03E /* EditproductViewController.m in Sources */ = {isa = PBXBuildFile; fileRef = BEF7C9F81C75348A00C2C03E /* EditproductViewController.m */; };
		BEF7C9FB1C75348A00C2C03E /* EditproductViewController.xib in Resources */ = {isa = PBXBuildFile; fileRef = BEF7C9F91C75348A00C2C03E /* EditproductViewController.xib */; };
		BEF9A3D31C7395AA009E6736 /* Company.m in Sources */ = {isa = PBXBuildFile; fileRef = BEF9A3D21C7395AA009E6736 /* Company.m */; };
		BEF9A3D61C73960C009E6736 /* Products.m in Sources */ = {isa = PBXBuildFile; fileRef = BEF9A3D51C73960C009E6736 /* Products.m */; };
		BEF9A3D91C74D1BB009E6736 /* DAO.m in Sources */ = {isa = PBXBuildFile; fileRef = BEF9A3D81C74D1BB009E6736 /* DAO.m */; };
/* End PBXBuildFile section */

/* Begin PBXContainerItemProxy section */
		48A656D118163BF200746D36 /* PBXContainerItemProxy */ = {
			isa = PBXContainerItemProxy;
			containerPortal = 48A656A918163BF200746D36 /* Project object */;
			proxyType = 1;
			remoteGlobalIDString = 48A656B018163BF200746D36;
			remoteInfo = NavCtrl;
		};
/* End PBXContainerItemProxy section */

/* Begin PBXFileReference section */
		48A656B118163BF200746D36 /* NavCtrl.app */ = {isa = PBXFileReference; explicitFileType = wrapper.application; includeInIndex = 0; path = NavCtrl.app; sourceTree = BUILT_PRODUCTS_DIR; };
		48A656B418163BF200746D36 /* Foundation.framework */ = {isa = PBXFileReference; lastKnownFileType = wrapper.framework; name = Foundation.framework; path = System/Library/Frameworks/Foundation.framework; sourceTree = SDKROOT; };
		48A656B618163BF200746D36 /* CoreGraphics.framework */ = {isa = PBXFileReference; lastKnownFileType = wrapper.framework; name = CoreGraphics.framework; path = System/Library/Frameworks/CoreGraphics.framework; sourceTree = SDKROOT; };
		48A656B818163BF200746D36 /* UIKit.framework */ = {isa = PBXFileReference; lastKnownFileType = wrapper.framework; name = UIKit.framework; path = System/Library/Frameworks/UIKit.framework; sourceTree = SDKROOT; };
		48A656BE18163BF200746D36 /* en */ = {isa = PBXFileReference; lastKnownFileType = text.plist.strings; name = en; path = en.lproj/InfoPlist.strings; sourceTree = "<group>"; };
		48A656CC18163BF200746D36 /* NavCtrlTests.xctest */ = {isa = PBXFileReference; explicitFileType = wrapper.cfbundle; includeInIndex = 0; path = NavCtrlTests.xctest; sourceTree = BUILT_PRODUCTS_DIR; };
		48A656CD18163BF200746D36 /* XCTest.framework */ = {isa = PBXFileReference; lastKnownFileType = wrapper.framework; name = XCTest.framework; path = Library/Frameworks/XCTest.framework; sourceTree = DEVELOPER_DIR; };
		48A656D518163BF200746D36 /* NavCtrlTests-Info.plist */ = {isa = PBXFileReference; lastKnownFileType = text.plist.xml; path = "NavCtrlTests-Info.plist"; sourceTree = "<group>"; };
		48A656D718163BF200746D36 /* en */ = {isa = PBXFileReference; lastKnownFileType = text.plist.strings; name = en; path = en.lproj/InfoPlist.strings; sourceTree = "<group>"; };
		48A656D918163BF200746D36 /* NavCtrlTests.m */ = {isa = PBXFileReference; lastKnownFileType = sourcecode.c.objc; path = NavCtrlTests.m; sourceTree = "<group>"; };
		BE4947111C80E1B200CA2158 /* stock.db */ = {isa = PBXFileReference; lastKnownFileType = file; path = stock.db; sourceTree = "<group>"; };
		BEAF55821C7383560005E86A /* CompanyViewController.h */ = {isa = PBXFileReference; fileEncoding = 4; lastKnownFileType = sourcecode.c.h; path = CompanyViewController.h; sourceTree = SOURCE_ROOT; };
		BEAF55831C7383560005E86A /* CompanyViewController.m */ = {isa = PBXFileReference; fileEncoding = 4; lastKnownFileType = sourcecode.c.objc; path = CompanyViewController.m; sourceTree = SOURCE_ROOT; };
		BEAF55841C7383560005E86A /* CompanyViewController.xib */ = {isa = PBXFileReference; fileEncoding = 4; lastKnownFileType = file.xib; path = CompanyViewController.xib; sourceTree = SOURCE_ROOT; };
		BEAF55871C73836D0005E86A /* ProductViewController.h */ = {isa = PBXFileReference; fileEncoding = 4; lastKnownFileType = sourcecode.c.h; path = ProductViewController.h; sourceTree = SOURCE_ROOT; };
		BEAF55881C73836D0005E86A /* ProductViewController.m */ = {isa = PBXFileReference; fileEncoding = 4; lastKnownFileType = sourcecode.c.objc; path = ProductViewController.m; sourceTree = SOURCE_ROOT; };
		BEAF558D1C73839C0005E86A /* apple.png */ = {isa = PBXFileReference; lastKnownFileType = image.png; path = apple.png; sourceTree = "<group>"; };
		BEAF558E1C73839C0005E86A /* destroyer.gif */ = {isa = PBXFileReference; lastKnownFileType = image.gif; path = destroyer.gif; sourceTree = "<group>"; };
		BEAF558F1C73839C0005E86A /* galaxynote.png */ = {isa = PBXFileReference; lastKnownFileType = image.png; path = galaxynote.png; sourceTree = "<group>"; };
		BEAF55901C73839C0005E86A /* galaxys4.jpg */ = {isa = PBXFileReference; lastKnownFileType = image.jpeg; path = galaxys4.jpg; sourceTree = "<group>"; };
		BEAF55911C73839C0005E86A /* galaxytab.png */ = {isa = PBXFileReference; lastKnownFileType = image.png; path = galaxytab.png; sourceTree = "<group>"; };
		BEAF55921C73839C0005E86A /* google.jpg */ = {isa = PBXFileReference; lastKnownFileType = image.jpeg; path = google.jpg; sourceTree = "<group>"; };
		BEAF55931C73839C0005E86A /* ipad.jpg */ = {isa = PBXFileReference; lastKnownFileType = image.jpeg; path = ipad.jpg; sourceTree = "<group>"; };
		BEAF55941C73839C0005E86A /* iphone.jpg */ = {isa = PBXFileReference; lastKnownFileType = image.jpeg; path = iphone.jpg; sourceTree = "<group>"; };
		BEAF55951C73839C0005E86A /* ipod.jpg */ = {isa = PBXFileReference; lastKnownFileType = image.jpeg; path = ipod.jpg; sourceTree = "<group>"; };
		BEAF55961C73839C0005E86A /* ipod.large */ = {isa = PBXFileReference; lastKnownFileType = file; path = ipod.large; sourceTree = "<group>"; };
		BEAF55971C73839C0005E86A /* milkyway.jpg */ = {isa = PBXFileReference; lastKnownFileType = image.jpeg; path = milkyway.jpg; sourceTree = "<group>"; };
		BEAF55981C73839C0005E86A /* nexus4.png */ = {isa = PBXFileReference; lastKnownFileType = image.png; path = nexus4.png; sourceTree = "<group>"; };
		BEAF55991C73839C0005E86A /* nexus6p.jpg */ = {isa = PBXFileReference; lastKnownFileType = image.jpeg; path = nexus6p.jpg; sourceTree = "<group>"; };
		BEAF559A1C73839C0005E86A /* nuxus5.jpg */ = {isa = PBXFileReference; lastKnownFileType = image.jpeg; path = nuxus5.jpg; sourceTree = "<group>"; };
		BEAF559B1C73839C0005E86A /* samsung.jpeg */ = {isa = PBXFileReference; lastKnownFileType = image.jpeg; path = samsung.jpeg; sourceTree = "<group>"; };
		BEAF559C1C73839C0005E86A /* windows.png */ = {isa = PBXFileReference; lastKnownFileType = image.png; path = windows.png; sourceTree = "<group>"; };
		BEAF559D1C73839C0005E86A /* windowsluma.jpg */ = {isa = PBXFileReference; lastKnownFileType = image.jpeg; path = windowsluma.jpg; sourceTree = "<group>"; };
		BEAF55B51C7385840005E86A /* NavControllerAppDelegate.h */ = {isa = PBXFileReference; fileEncoding = 4; lastKnownFileType = sourcecode.c.h; path = NavControllerAppDelegate.h; sourceTree = "<group>"; };
		BEAF55B61C7385840005E86A /* NavControllerAppDelegate.m */ = {isa = PBXFileReference; fileEncoding = 4; lastKnownFileType = sourcecode.c.objc; path = NavControllerAppDelegate.m; sourceTree = "<group>"; };
		BEAF55BA1C7386040005E86A /* Images.xcassets */ = {isa = PBXFileReference; lastKnownFileType = folder.assetcatalog; path = Images.xcassets; sourceTree = SOURCE_ROOT; };
		BEAF55BC1C7386160005E86A /* main.m */ = {isa = PBXFileReference; fileEncoding = 4; lastKnownFileType = sourcecode.c.objc; path = main.m; sourceTree = "<group>"; };
		BEAF55BF1C7388350005E86A /* DetailViewController.h */ = {isa = PBXFileReference; fileEncoding = 4; lastKnownFileType = sourcecode.c.h; name = DetailViewController.h; path = NavCtrl/DetailViewController.h; sourceTree = "<group>"; };
		BEAF55C01C7388350005E86A /* DetailViewController.m */ = {isa = PBXFileReference; fileEncoding = 4; lastKnownFileType = sourcecode.c.objc; name = DetailViewController.m; path = NavCtrl/DetailViewController.m; sourceTree = "<group>"; };
		BEAF55C11C7388350005E86A /* DetailViewController.xib */ = {isa = PBXFileReference; fileEncoding = 4; lastKnownFileType = file.xib; name = DetailViewController.xib; path = NavCtrl/DetailViewController.xib; sourceTree = "<group>"; };
		BEB31B2B1C6E41F300EAB978 /* WebKit.framework */ = {isa = PBXFileReference; lastKnownFileType = wrapper.framework; name = WebKit.framework; path = System/Library/Frameworks/WebKit.framework; sourceTree = SDKROOT; };
		BEB7CFE71C80A7FC00013B4D /* libsqlite3.tbd */ = {isa = PBXFileReference; lastKnownFileType = "sourcecode.text-based-dylib-definition"; name = libsqlite3.tbd; path = usr/lib/libsqlite3.tbd; sourceTree = SDKROOT; };
		BEF06C091C8E0371008B00B8 /* dataModel.xcdatamodel */ = {isa = PBXFileReference; lastKnownFileType = wrapper.xcdatamodel; path = dataModel.xcdatamodel; sourceTree = "<group>"; };
		BEF7C9F21C75003900C2C03E /* CompanyEditViewController.h */ = {isa = PBXFileReference; fileEncoding = 4; lastKnownFileType = sourcecode.c.h; path = CompanyEditViewController.h; sourceTree = "<group>"; };
		BEF7C9F31C75003900C2C03E /* CompanyEditViewController.m */ = {isa = PBXFileReference; fileEncoding = 4; lastKnownFileType = sourcecode.c.objc; path = CompanyEditViewController.m; sourceTree = "<group>"; };
		BEF7C9F41C75003900C2C03E /* CompanyEditViewController.xib */ = {isa = PBXFileReference; fileEncoding = 4; lastKnownFileType = file.xib; path = CompanyEditViewController.xib; sourceTree = "<group>"; };
		BEF7C9F71C75348A00C2C03E /* EditproductViewController.h */ = {isa = PBXFileReference; fileEncoding = 4; lastKnownFileType = sourcecode.c.h; path = EditproductViewController.h; sourceTree = "<group>"; };
		BEF7C9F81C75348A00C2C03E /* EditproductViewController.m */ = {isa = PBXFileReference; fileEncoding = 4; lastKnownFileType = sourcecode.c.objc; path = EditproductViewController.m; sourceTree = "<group>"; };
		BEF7C9F91C75348A00C2C03E /* EditproductViewController.xib */ = {isa = PBXFileReference; fileEncoding = 4; lastKnownFileType = file.xib; path = EditproductViewController.xib; sourceTree = "<group>"; };
		BEF9A3D11C7395AA009E6736 /* Company.h */ = {isa = PBXFileReference; fileEncoding = 4; lastKnownFileType = sourcecode.c.h; path = Company.h; sourceTree = "<group>"; };
		BEF9A3D21C7395AA009E6736 /* Company.m */ = {isa = PBXFileReference; fileEncoding = 4; lastKnownFileType = sourcecode.c.objc; path = Company.m; sourceTree = "<group>"; };
		BEF9A3D41C73960C009E6736 /* Products.h */ = {isa = PBXFileReference; fileEncoding = 4; lastKnownFileType = sourcecode.c.h; path = Products.h; sourceTree = "<group>"; };
		BEF9A3D51C73960C009E6736 /* Products.m */ = {isa = PBXFileReference; fileEncoding = 4; lastKnownFileType = sourcecode.c.objc; path = Products.m; sourceTree = "<group>"; };
		BEF9A3D71C74D1BB009E6736 /* DAO.h */ = {isa = PBXFileReference; fileEncoding = 4; lastKnownFileType = sourcecode.c.h; name = DAO.h; path = NavCtrl/DAO.h; sourceTree = "<group>"; };
		BEF9A3D81C74D1BB009E6736 /* DAO.m */ = {isa = PBXFileReference; fileEncoding = 4; lastKnownFileType = sourcecode.c.objc; name = DAO.m; path = NavCtrl/DAO.m; sourceTree = "<group>"; };
/* End PBXFileReference section */

/* Begin PBXFrameworksBuildPhase section */
		48A656AE18163BF200746D36 /* Frameworks */ = {
			isa = PBXFrameworksBuildPhase;
			buildActionMask = 2147483647;
			files = (
				BEB7CFE81C80A7FC00013B4D /* libsqlite3.tbd in Frameworks */,
				BEB31B2C1C6E41F300EAB978 /* WebKit.framework in Frameworks */,
				48A656B718163BF200746D36 /* CoreGraphics.framework in Frameworks */,
				48A656B918163BF200746D36 /* UIKit.framework in Frameworks */,
				48A656B518163BF200746D36 /* Foundation.framework in Frameworks */,
			);
			runOnlyForDeploymentPostprocessing = 0;
		};
		48A656C918163BF200746D36 /* Frameworks */ = {
			isa = PBXFrameworksBuildPhase;
			buildActionMask = 2147483647;
			files = (
				48A656CE18163BF200746D36 /* XCTest.framework in Frameworks */,
				48A656D018163BF200746D36 /* UIKit.framework in Frameworks */,
				48A656CF18163BF200746D36 /* Foundation.framework in Frameworks */,
			);
			runOnlyForDeploymentPostprocessing = 0;
		};
/* End PBXFrameworksBuildPhase section */

/* Begin PBXGroup section */
		483796CB1BCBF7A00062D5AB /* AppDelegate */ = {
			isa = PBXGroup;
			children = (
				BEAF55B51C7385840005E86A /* NavControllerAppDelegate.h */,
				BEAF55B61C7385840005E86A /* NavControllerAppDelegate.m */,
			);
			name = AppDelegate;
			path = NavCtrl;
			sourceTree = "<group>";
		};
		483796CC1BCBF7C70062D5AB /* ParentViewController */ = {
			isa = PBXGroup;
			children = (
				BEAF55821C7383560005E86A /* CompanyViewController.h */,
				BEAF55831C7383560005E86A /* CompanyViewController.m */,
				BEAF55841C7383560005E86A /* CompanyViewController.xib */,
				BEF7C9F21C75003900C2C03E /* CompanyEditViewController.h */,
				BEF7C9F31C75003900C2C03E /* CompanyEditViewController.m */,
				BEF7C9F41C75003900C2C03E /* CompanyEditViewController.xib */,
			);
			name = ParentViewController;
			sourceTree = "<group>";
		};
		483796CD1BCBF7EB0062D5AB /* ProductViewController */ = {
			isa = PBXGroup;
			children = (
				BEAF55871C73836D0005E86A /* ProductViewController.h */,
				BEAF55881C73836D0005E86A /* ProductViewController.m */,
				BEF7C9F71C75348A00C2C03E /* EditproductViewController.h */,
				BEF7C9F81C75348A00C2C03E /* EditproductViewController.m */,
				BEF7C9F91C75348A00C2C03E /* EditproductViewController.xib */,
				BEF5A3B21C738FF4000D6F70 /* DetailViewController */,
			);
			name = ProductViewController;
			sourceTree = "<group>";
		};
		48A656A818163BF200746D36 = {
			isa = PBXGroup;
			children = (
				BE4947111C80E1B200CA2158 /* stock.db */,
				BEF7C9F11C74FC2E00C2C03E /* Model */,
				48A656BA18163BF200746D36 /* ViewComtroller */,
				48A656D318163BF200746D36 /* NavCtrlTests */,
				48A656B318163BF200746D36 /* Frameworks */,
				BEB31B121C6BEAD700EAB978 /* New Group */,
			);
			sourceTree = "<group>";
		};
		48A656B218163BF200746D36 /* Products */ = {
			isa = PBXGroup;
			children = (
				48A656B118163BF200746D36 /* NavCtrl.app */,
				48A656CC18163BF200746D36 /* NavCtrlTests.xctest */,
			);
			name = Products;
			sourceTree = "<group>";
		};
		48A656B318163BF200746D36 /* Frameworks */ = {
			isa = PBXGroup;
			children = (
				BEB7CFE71C80A7FC00013B4D /* libsqlite3.tbd */,
				BEB31B2B1C6E41F300EAB978 /* WebKit.framework */,
				48A656B418163BF200746D36 /* Foundation.framework */,
				48A656B618163BF200746D36 /* CoreGraphics.framework */,
				48A656B818163BF200746D36 /* UIKit.framework */,
				48A656CD18163BF200746D36 /* XCTest.framework */,
			);
			name = Frameworks;
			sourceTree = "<group>";
		};
		48A656BA18163BF200746D36 /* ViewComtroller */ = {
			isa = PBXGroup;
			children = (
				483796CC1BCBF7C70062D5AB /* ParentViewController */,
				483796CD1BCBF7EB0062D5AB /* ProductViewController */,
				48A656BB18163BF200746D36 /* Supporting Files */,
			);
			name = ViewComtroller;
			path = NavCtrl;
			sourceTree = "<group>";
		};
		48A656BB18163BF200746D36 /* Supporting Files */ = {
			isa = PBXGroup;
			children = (
				BEAF55BC1C7386160005E86A /* main.m */,
				BEAF55BA1C7386040005E86A /* Images.xcassets */,
				BEAF558C1C73839C0005E86A /* logos */,
				48A656BD18163BF200746D36 /* InfoPlist.strings */,
			);
			name = "Supporting Files";
			sourceTree = "<group>";
		};
		48A656D318163BF200746D36 /* NavCtrlTests */ = {
			isa = PBXGroup;
			children = (
				48A656D918163BF200746D36 /* NavCtrlTests.m */,
				48A656D418163BF200746D36 /* Supporting Files */,
			);
			path = NavCtrlTests;
			sourceTree = "<group>";
		};
		48A656D418163BF200746D36 /* Supporting Files */ = {
			isa = PBXGroup;
			children = (
				48A656D518163BF200746D36 /* NavCtrlTests-Info.plist */,
				48A656D618163BF200746D36 /* InfoPlist.strings */,
			);
			name = "Supporting Files";
			sourceTree = "<group>";
		};
		BEAF558C1C73839C0005E86A /* logos */ = {
			isa = PBXGroup;
			children = (
				BEAF558D1C73839C0005E86A /* apple.png */,
				BEAF558E1C73839C0005E86A /* destroyer.gif */,
				BEAF558F1C73839C0005E86A /* galaxynote.png */,
				BEAF55901C73839C0005E86A /* galaxys4.jpg */,
				BEAF55911C73839C0005E86A /* galaxytab.png */,
				BEAF55921C73839C0005E86A /* google.jpg */,
				BEAF55931C73839C0005E86A /* ipad.jpg */,
				BEAF55941C73839C0005E86A /* iphone.jpg */,
				BEAF55951C73839C0005E86A /* ipod.jpg */,
				BEAF55961C73839C0005E86A /* ipod.large */,
				BEAF55971C73839C0005E86A /* milkyway.jpg */,
				BEAF55981C73839C0005E86A /* nexus4.png */,
				BEAF55991C73839C0005E86A /* nexus6p.jpg */,
				BEAF559A1C73839C0005E86A /* nuxus5.jpg */,
				BEAF559B1C73839C0005E86A /* samsung.jpeg */,
				BEAF559C1C73839C0005E86A /* windows.png */,
				BEAF559D1C73839C0005E86A /* windowsluma.jpg */,
			);
			path = logos;
			sourceTree = SOURCE_ROOT;
		};
		BEB31B121C6BEAD700EAB978 /* New Group */ = {
			isa = PBXGroup;
			children = (
				48A656B218163BF200746D36 /* Products */,
			);
			name = "New Group";
			sourceTree = "<group>";
		};
		BEF5A3B21C738FF4000D6F70 /* DetailViewController */ = {
			isa = PBXGroup;
			children = (
				BEAF55BF1C7388350005E86A /* DetailViewController.h */,
				BEAF55C01C7388350005E86A /* DetailViewController.m */,
				BEAF55C11C7388350005E86A /* DetailViewController.xib */,
				483796CB1BCBF7A00062D5AB /* AppDelegate */,
			);
			name = DetailViewController;
			path = ..;
			sourceTree = "<group>";
		};
		BEF7C9F11C74FC2E00C2C03E /* Model */ = {
			isa = PBXGroup;
			children = (
				BEF06C081C8E0371008B00B8 /* dataModel.xcdatamodeld */,
				BEF9A3D41C73960C009E6736 /* Products.h */,
				BEF9A3D51C73960C009E6736 /* Products.m */,
				BEF9A3D11C7395AA009E6736 /* Company.h */,
				BEF9A3D21C7395AA009E6736 /* Company.m */,
				BEF9A3D71C74D1BB009E6736 /* DAO.h */,
				BEF9A3D81C74D1BB009E6736 /* DAO.m */,
			);
			name = Model;
			sourceTree = "<group>";
		};
/* End PBXGroup section */

/* Begin PBXNativeTarget section */
		48A656B018163BF200746D36 /* NavCtrl */ = {
			isa = PBXNativeTarget;
			buildConfigurationList = 48A656DD18163BF200746D36 /* Build configuration list for PBXNativeTarget "NavCtrl" */;
			buildPhases = (
				48A656AD18163BF200746D36 /* Sources */,
				48A656AE18163BF200746D36 /* Frameworks */,
				48A656AF18163BF200746D36 /* Resources */,
			);
			buildRules = (
			);
			dependencies = (
			);
			name = NavCtrl;
			productName = NavCtrl;
			productReference = 48A656B118163BF200746D36 /* NavCtrl.app */;
			productType = "com.apple.product-type.application";
		};
		48A656CB18163BF200746D36 /* NavCtrlTests */ = {
			isa = PBXNativeTarget;
			buildConfigurationList = 48A656E018163BF200746D36 /* Build configuration list for PBXNativeTarget "NavCtrlTests" */;
			buildPhases = (
				48A656C818163BF200746D36 /* Sources */,
				48A656C918163BF200746D36 /* Frameworks */,
				48A656CA18163BF200746D36 /* Resources */,
			);
			buildRules = (
			);
			dependencies = (
				48A656D218163BF200746D36 /* PBXTargetDependency */,
			);
			name = NavCtrlTests;
			productName = NavCtrlTests;
			productReference = 48A656CC18163BF200746D36 /* NavCtrlTests.xctest */;
			productType = "com.apple.product-type.bundle.unit-test";
		};
/* End PBXNativeTarget section */

/* Begin PBXProject section */
		48A656A918163BF200746D36 /* Project object */ = {
			isa = PBXProject;
			attributes = {
				CLASSPREFIX = qcdDemo;
				LastUpgradeCheck = 0700;
				ORGANIZATIONNAME = "Aditya Narayan";
				TargetAttributes = {
					48A656CB18163BF200746D36 = {
						TestTargetID = 48A656B018163BF200746D36;
					};
				};
			};
			buildConfigurationList = 48A656AC18163BF200746D36 /* Build configuration list for PBXProject "NavCtrl" */;
			compatibilityVersion = "Xcode 3.2";
			developmentRegion = English;
			hasScannedForEncodings = 0;
			knownRegions = (
				en,
			);
			mainGroup = 48A656A818163BF200746D36;
			productRefGroup = 48A656B218163BF200746D36 /* Products */;
			projectDirPath = "";
			projectRoot = "";
			targets = (
				48A656B018163BF200746D36 /* NavCtrl */,
				48A656CB18163BF200746D36 /* NavCtrlTests */,
			);
		};
/* End PBXProject section */

/* Begin PBXResourcesBuildPhase section */
		48A656AF18163BF200746D36 /* Resources */ = {
			isa = PBXResourcesBuildPhase;
			buildActionMask = 2147483647;
			files = (
				BEAF559F1C73839C0005E86A /* destroyer.gif in Resources */,
				BEAF55BB1C7386040005E86A /* Images.xcassets in Resources */,
				BEAF55A41C73839C0005E86A /* ipad.jpg in Resources */,
				BEAF55861C7383560005E86A /* CompanyViewController.xib in Resources */,
				BEF7C9F61C75003900C2C03E /* CompanyEditViewController.xib in Resources */,
				BEAF55AA1C73839C0005E86A /* nexus6p.jpg in Resources */,
				48A656BF18163BF200746D36 /* InfoPlist.strings in Resources */,
				BEAF559E1C73839C0005E86A /* apple.png in Resources */,
				BEAF55AC1C73839C0005E86A /* samsung.jpeg in Resources */,
				BEAF55A71C73839C0005E86A /* ipod.large in Resources */,
				BEAF55A81C73839C0005E86A /* milkyway.jpg in Resources */,
				BEAF55AB1C73839C0005E86A /* nuxus5.jpg in Resources */,
				BEAF55A21C73839C0005E86A /* galaxytab.png in Resources */,
				BEAF55AE1C73839C0005E86A /* windowsluma.jpg in Resources */,
				BEAF55AD1C73839C0005E86A /* windows.png in Resources */,
				BEAF55A91C73839C0005E86A /* nexus4.png in Resources */,
				BE4947121C80E1B200CA2158 /* stock.db in Resources */,
				BEF7C9FB1C75348A00C2C03E /* EditproductViewController.xib in Resources */,
				BEAF55A61C73839C0005E86A /* ipod.jpg in Resources */,
				BEAF55A31C73839C0005E86A /* google.jpg in Resources */,
				BEAF55A11C73839C0005E86A /* galaxys4.jpg in Resources */,
				BEAF55C31C7388350005E86A /* DetailViewController.xib in Resources */,
				BEAF55A51C73839C0005E86A /* iphone.jpg in Resources */,
				BEAF55A01C73839C0005E86A /* galaxynote.png in Resources */,
			);
			runOnlyForDeploymentPostprocessing = 0;
		};
		48A656CA18163BF200746D36 /* Resources */ = {
			isa = PBXResourcesBuildPhase;
			buildActionMask = 2147483647;
			files = (
				48A656D818163BF200746D36 /* InfoPlist.strings in Resources */,
			);
			runOnlyForDeploymentPostprocessing = 0;
		};
/* End PBXResourcesBuildPhase section */

/* Begin PBXSourcesBuildPhase section */
		48A656AD18163BF200746D36 /* Sources */ = {
			isa = PBXSourcesBuildPhase;
			buildActionMask = 2147483647;
			files = (
				BEF7C9FA1C75348A00C2C03E /* EditproductViewController.m in Sources */,
				BEF06C0A1C8E0371008B00B8 /* dataModel.xcdatamodeld in Sources */,
				BEF9A3D61C73960C009E6736 /* Products.m in Sources */,
				BEF7C9F51C75003900C2C03E /* CompanyEditViewController.m in Sources */,
				BEAF55851C7383560005E86A /* CompanyViewController.m in Sources */,
				BEF9A3D31C7395AA009E6736 /* Company.m in Sources */,
				BEAF55891C73836D0005E86A /* ProductViewController.m in Sources */,
				BEF9A3D91C74D1BB009E6736 /* DAO.m in Sources */,
				BEAF55BD1C7386160005E86A /* main.m in Sources */,
				BEAF55C21C7388350005E86A /* DetailViewController.m in Sources */,
				BEAF55B71C7385840005E86A /* NavControllerAppDelegate.m in Sources */,
			);
			runOnlyForDeploymentPostprocessing = 0;
		};
		48A656C818163BF200746D36 /* Sources */ = {
			isa = PBXSourcesBuildPhase;
			buildActionMask = 2147483647;
			files = (
				48A656DA18163BF200746D36 /* NavCtrlTests.m in Sources */,
			);
			runOnlyForDeploymentPostprocessing = 0;
		};
/* End PBXSourcesBuildPhase section */

/* Begin PBXTargetDependency section */
		48A656D218163BF200746D36 /* PBXTargetDependency */ = {
			isa = PBXTargetDependency;
			target = 48A656B018163BF200746D36 /* NavCtrl */;
			targetProxy = 48A656D118163BF200746D36 /* PBXContainerItemProxy */;
		};
/* End PBXTargetDependency section */

/* Begin PBXVariantGroup section */
		48A656BD18163BF200746D36 /* InfoPlist.strings */ = {
			isa = PBXVariantGroup;
			children = (
				48A656BE18163BF200746D36 /* en */,
			);
			name = InfoPlist.strings;
			sourceTree = "<group>";
		};
		48A656D618163BF200746D36 /* InfoPlist.strings */ = {
			isa = PBXVariantGroup;
			children = (
				48A656D718163BF200746D36 /* en */,
			);
			name = InfoPlist.strings;
			sourceTree = "<group>";
		};
/* End PBXVariantGroup section */

/* Begin XCBuildConfiguration section */
		48A656DB18163BF200746D36 /* Debug */ = {
			isa = XCBuildConfiguration;
			buildSettings = {
				ALWAYS_SEARCH_USER_PATHS = NO;
				CLANG_CXX_LANGUAGE_STANDARD = "gnu++0x";
				CLANG_CXX_LIBRARY = "libc++";
				CLANG_ENABLE_MODULES = YES;
				CLANG_ENABLE_OBJC_ARC = YES;
				CLANG_WARN_BOOL_CONVERSION = YES;
				CLANG_WARN_CONSTANT_CONVERSION = YES;
				CLANG_WARN_DIRECT_OBJC_ISA_USAGE = YES_ERROR;
				CLANG_WARN_EMPTY_BODY = YES;
				CLANG_WARN_ENUM_CONVERSION = YES;
				CLANG_WARN_INT_CONVERSION = YES;
				CLANG_WARN_OBJC_ROOT_CLASS = YES_ERROR;
				CLANG_WARN__DUPLICATE_METHOD_MATCH = YES;
				"CODE_SIGN_IDENTITY[sdk=iphoneos*]" = "iPhone Developer";
				COPY_PHASE_STRIP = NO;
				ENABLE_TESTABILITY = YES;
				GCC_C_LANGUAGE_STANDARD = gnu99;
				GCC_DYNAMIC_NO_PIC = NO;
				GCC_OPTIMIZATION_LEVEL = 0;
				GCC_PREPROCESSOR_DEFINITIONS = (
					"DEBUG=1",
					"$(inherited)",
				);
				GCC_SYMBOLS_PRIVATE_EXTERN = NO;
				GCC_WARN_64_TO_32_BIT_CONVERSION = YES;
				GCC_WARN_ABOUT_RETURN_TYPE = YES_ERROR;
				GCC_WARN_UNDECLARED_SELECTOR = YES;
				GCC_WARN_UNINITIALIZED_AUTOS = YES;
				GCC_WARN_UNUSED_FUNCTION = YES;
				GCC_WARN_UNUSED_VARIABLE = YES;
				IPHONEOS_DEPLOYMENT_TARGET = 7.0;
				ONLY_ACTIVE_ARCH = YES;
				SDKROOT = iphoneos;
				TARGETED_DEVICE_FAMILY = 2;
			};
			name = Debug;
		};
		48A656DC18163BF200746D36 /* Release */ = {
			isa = XCBuildConfiguration;
			buildSettings = {
				ALWAYS_SEARCH_USER_PATHS = NO;
				CLANG_CXX_LANGUAGE_STANDARD = "gnu++0x";
				CLANG_CXX_LIBRARY = "libc++";
				CLANG_ENABLE_MODULES = YES;
				CLANG_ENABLE_OBJC_ARC = YES;
				CLANG_WARN_BOOL_CONVERSION = YES;
				CLANG_WARN_CONSTANT_CONVERSION = YES;
				CLANG_WARN_DIRECT_OBJC_ISA_USAGE = YES_ERROR;
				CLANG_WARN_EMPTY_BODY = YES;
				CLANG_WARN_ENUM_CONVERSION = YES;
				CLANG_WARN_INT_CONVERSION = YES;
				CLANG_WARN_OBJC_ROOT_CLASS = YES_ERROR;
				CLANG_WARN__DUPLICATE_METHOD_MATCH = YES;
				"CODE_SIGN_IDENTITY[sdk=iphoneos*]" = "iPhone Developer";
				COPY_PHASE_STRIP = YES;
				ENABLE_NS_ASSERTIONS = NO;
				GCC_C_LANGUAGE_STANDARD = gnu99;
				GCC_WARN_64_TO_32_BIT_CONVERSION = YES;
				GCC_WARN_ABOUT_RETURN_TYPE = YES_ERROR;
				GCC_WARN_UNDECLARED_SELECTOR = YES;
				GCC_WARN_UNINITIALIZED_AUTOS = YES;
				GCC_WARN_UNUSED_FUNCTION = YES;
				GCC_WARN_UNUSED_VARIABLE = YES;
				IPHONEOS_DEPLOYMENT_TARGET = 7.0;
				SDKROOT = iphoneos;
				TARGETED_DEVICE_FAMILY = 2;
				VALIDATE_PRODUCT = YES;
			};
			name = Release;
		};
		48A656DE18163BF200746D36 /* Debug */ = {
			isa = XCBuildConfiguration;
			buildSettings = {
				ASSETCATALOG_COMPILER_APPICON_NAME = AppIcon;
				ASSETCATALOG_COMPILER_LAUNCHIMAGE_NAME = LaunchImage;
				CLANG_ENABLE_OBJC_ARC = NO;
				GCC_PRECOMPILE_PREFIX_HEADER = YES;
				GCC_PREFIX_HEADER = "NavCtrl/NavCtrl-Prefix.pch";
				INFOPLIST_FILE = "NavCtrl/NavCtrl-Info.plist";
				PRODUCT_BUNDLE_IDENTIFIER = "qcd.${PRODUCT_NAME:rfc1034identifier}";
				PRODUCT_NAME = "$(TARGET_NAME)";
				WRAPPER_EXTENSION = app;
			};
			name = Debug;
		};
		48A656DF18163BF200746D36 /* Release */ = {
			isa = XCBuildConfiguration;
			buildSettings = {
				ASSETCATALOG_COMPILER_APPICON_NAME = AppIcon;
				ASSETCATALOG_COMPILER_LAUNCHIMAGE_NAME = LaunchImage;
				CLANG_ENABLE_OBJC_ARC = NO;
				GCC_PRECOMPILE_PREFIX_HEADER = YES;
				GCC_PREFIX_HEADER = "NavCtrl/NavCtrl-Prefix.pch";
				INFOPLIST_FILE = "NavCtrl/NavCtrl-Info.plist";
				PRODUCT_BUNDLE_IDENTIFIER = "qcd.${PRODUCT_NAME:rfc1034identifier}";
				PRODUCT_NAME = "$(TARGET_NAME)";
				WRAPPER_EXTENSION = app;
			};
			name = Release;
		};
		48A656E118163BF200746D36 /* Debug */ = {
			isa = XCBuildConfiguration;
			buildSettings = {
				BUNDLE_LOADER = "$(BUILT_PRODUCTS_DIR)/NavCtrl.app/NavCtrl";
				FRAMEWORK_SEARCH_PATHS = (
					"$(SDKROOT)/Developer/Library/Frameworks",
					"$(inherited)",
					"$(DEVELOPER_FRAMEWORKS_DIR)",
				);
				GCC_PRECOMPILE_PREFIX_HEADER = YES;
				GCC_PREFIX_HEADER = "NavCtrl/NavCtrl-Prefix.pch";
				GCC_PREPROCESSOR_DEFINITIONS = (
					"DEBUG=1",
					"$(inherited)",
				);
				INFOPLIST_FILE = "NavCtrlTests/NavCtrlTests-Info.plist";
				PRODUCT_BUNDLE_IDENTIFIER = "qcd.${PRODUCT_NAME:rfc1034identifier}";
				PRODUCT_NAME = "$(TARGET_NAME)";
				TEST_HOST = "$(BUNDLE_LOADER)";
				WRAPPER_EXTENSION = xctest;
			};
			name = Debug;
		};
		48A656E218163BF200746D36 /* Release */ = {
			isa = XCBuildConfiguration;
			buildSettings = {
				BUNDLE_LOADER = "$(BUILT_PRODUCTS_DIR)/NavCtrl.app/NavCtrl";
				FRAMEWORK_SEARCH_PATHS = (
					"$(SDKROOT)/Developer/Library/Frameworks",
					"$(inherited)",
					"$(DEVELOPER_FRAMEWORKS_DIR)",
				);
				GCC_PRECOMPILE_PREFIX_HEADER = YES;
				GCC_PREFIX_HEADER = "NavCtrl/NavCtrl-Prefix.pch";
				INFOPLIST_FILE = "NavCtrlTests/NavCtrlTests-Info.plist";
				PRODUCT_BUNDLE_IDENTIFIER = "qcd.${PRODUCT_NAME:rfc1034identifier}";
				PRODUCT_NAME = "$(TARGET_NAME)";
				TEST_HOST = "$(BUNDLE_LOADER)";
				WRAPPER_EXTENSION = xctest;
			};
			name = Release;
		};
/* End XCBuildConfiguration section */

/* Begin XCConfigurationList section */
		48A656AC18163BF200746D36 /* Build configuration list for PBXProject "NavCtrl" */ = {
			isa = XCConfigurationList;
			buildConfigurations = (
				48A656DB18163BF200746D36 /* Debug */,
				48A656DC18163BF200746D36 /* Release */,
			);
			defaultConfigurationIsVisible = 0;
			defaultConfigurationName = Release;
		};
		48A656DD18163BF200746D36 /* Build configuration list for PBXNativeTarget "NavCtrl" */ = {
			isa = XCConfigurationList;
			buildConfigurations = (
				48A656DE18163BF200746D36 /* Debug */,
				48A656DF18163BF200746D36 /* Release */,
			);
			defaultConfigurationIsVisible = 0;
			defaultConfigurationName = Release;
		};
		48A656E018163BF200746D36 /* Build configuration list for PBXNativeTarget "NavCtrlTests" */ = {
			isa = XCConfigurationList;
			buildConfigurations = (
				48A656E118163BF200746D36 /* Debug */,
				48A656E218163BF200746D36 /* Release */,
			);
			defaultConfigurationIsVisible = 0;
			defaultConfigurationName = Release;
		};
/* End XCConfigurationList section */

/* Begin XCVersionGroup section */
		BEF06C081C8E0371008B00B8 /* dataModel.xcdatamodeld */ = {
			isa = XCVersionGroup;
			children = (
				BEF06C091C8E0371008B00B8 /* dataModel.xcdatamodel */,
			);
			currentVersion = BEF06C091C8E0371008B00B8 /* dataModel.xcdatamodel */;
			path = dataModel.xcdatamodeld;
			sourceTree = "<group>";
			versionGroupType = wrapper.xcdatamodel;
		};
/* End XCVersionGroup section */
	};
	rootObject = 48A656A918163BF200746D36 /* Project object */;
}
